// !$*UTF8*$!
{
	archiveVersion = 1;
	classes = {
	};
	objectVersion = 38;
	objects = {
		080E96DDFE201D6D7F000001 = {
			children = (
				F5A47A9D01A0482F01D3D55B,
				F5A47A9E01A0483001D3D55B,
			);
			isa = PBXGroup;
			name = "Classi ETW";
			refType = 4;
		};
		089C165CFE840E0CC02AAC07 = {
			children = (
				089C165DFE840E0CC02AAC07,
			);
			isa = PBXVariantGroup;
			name = InfoPlist.strings;
			refType = 4;
		};
		089C165DFE840E0CC02AAC07 = {
			fileEncoding = 10;
			isa = PBXFileReference;
			name = English;
			path = English.lproj/InfoPlist.strings;
			refType = 4;
		};
		089C165EFE840E0CC02AAC07 = {
			fileRef = 089C165CFE840E0CC02AAC07;
			isa = PBXBuildFile;
			settings = {
			};
		};
//080
//081
//082
//083
//084
//100
//101
//102
//103
//104
		1058C7A0FEA54F0111CA2CBB = {
			children = (
				1058C7A1FEA54F0111CA2CBB,
			);
			isa = PBXGroup;
			name = "Linked Frameworks";
			refType = 4;
		};
		1058C7A1FEA54F0111CA2CBB = {
			isa = PBXFrameworkReference;
			name = Cocoa.framework;
			path = /System/Library/Frameworks/Cocoa.framework;
			refType = 0;
		};
		1058C7A2FEA54F0111CA2CBB = {
			children = (
				29B97325FDCFA39411CA2CEA,
				29B97324FDCFA39411CA2CEA,
			);
			isa = PBXGroup;
			name = "Other Frameworks";
			refType = 4;
		};
		1058C7A3FEA54F0111CA2CBB = {
			fileRef = 1058C7A1FEA54F0111CA2CBB;
			isa = PBXBuildFile;
			settings = {
			};
		};
//100
//101
//102
//103
//104
//170
//171
//172
//173
//174
		17587328FF379C6511CA2CBB = {
			isa = PBXApplicationReference;
			path = ETW.app;
			refType = 3;
		};
//170
//171
//172
//173
//174
//190
//191
//192
//193
//194
		19C28FACFE9D520D11CA2CBB = {
			children = (
				17587328FF379C6511CA2CBB,
			);
			isa = PBXGroup;
			name = Products;
			refType = 4;
		};
//190
//191
//192
//193
//194
//290
//291
//292
//293
//294
		29B97313FDCFA39411CA2CEA = {
			buildStyles = (
				4A9504CCFFE6A4B311CA0CBA,
				4A9504CDFFE6A4B311CA0CBA,
			);
			hasScannedForEncodings = 1;
			isa = PBXProject;
			mainGroup = 29B97314FDCFA39411CA2CEA;
			projectDirPath = "";
			targets = (
				29B97326FDCFA39411CA2CEA,
			);
		};
		29B97314FDCFA39411CA2CEA = {
			children = (
				6514CB80041B63DE00000102,
				F5F988200408E3B401000102,
				080E96DDFE201D6D7F000001,
				29B97315FDCFA39411CA2CEA,
				29B97317FDCFA39411CA2CEA,
				29B97323FDCFA39411CA2CEA,
				19C28FACFE9D520D11CA2CBB,
			);
			isa = PBXGroup;
			name = "SDL App";
			path = "";
			refType = 4;
		};
		29B97315FDCFA39411CA2CEA = {
			children = (
				F50D183403D9F57D01000102,
				F50D183503D9F57D01000102,
				F50D183603D9F57D01000102,
				F50D183703D9F57D01000102,
				F50D183803D9F57D01000102,
				F50D183903D9F57D01000102,
				F50D183A03D9F57D01000102,
				F50D183B03D9F57D01000102,
				F50D183C03D9F57D01000102,
				F50D183D03D9F57D01000102,
				F50D183E03D9F57D01000102,
				F50D183F03D9F57D01000102,
				F50D184003D9F57D01000102,
				F50D184103D9F57D01000102,
				F50D184203D9F57D01000102,
				F50D184303D9F57D01000102,
				F50D184403D9F57D01000102,
				F50D184503D9F57D01000102,
				F50D184603D9F57D01000102,
				F50D184703D9F57D01000102,
				F50D184803D9F57D01000102,
				F50D184903D9F57D01000102,
				F50D184A03D9F57D01000102,
				F50D184B03D9F57D01000102,
				F50D184C03D9F57D01000102,
				F50D184D03D9F57D01000102,
				F50D184E03D9F57D01000102,
				F50D184F03D9F57D01000102,
				F50D185003D9F57D01000102,
				F50D185103D9F57D01000102,
				F50D185203D9F57D01000102,
				F50D185303D9F57D01000102,
				F50D185403D9F57D01000102,
				F50D185503D9F57D01000102,
				F50D185603D9F57D01000102,
				F50D185703D9F57D01000102,
				F50D185803D9F57D01000102,
				F50D185903D9F57D01000102,
				F50D185A03D9F57D01000102,
				F50D185B03D9F57D01000102,
				F50D185C03D9F57D01000102,
				F50D185D03D9F57D01000102,
				F50D185E03D9F57D01000102,
				F50D185F03D9F57D01000102,
				F50D186003D9F57D01000102,
				F50D186103D9F57D01000102,
				F50D186203D9F57D01000102,
				F50D186303D9F57D01000102,
				F50D186403D9F57D01000102,
				F50D186503D9F57D01000102,
				F50D1C1F03D9F92601000102,
			);
			isa = PBXGroup;
			name = "Sorgenti ETW";
			path = "";
			refType = 4;
		};
		29B97317FDCFA39411CA2CEA = {
			children = (
				089C165CFE840E0CC02AAC07,
			);
			isa = PBXGroup;
			name = Resources;
			path = "";
			refType = 4;
		};
		29B97323FDCFA39411CA2CEA = {
			children = (
				1058C7A0FEA54F0111CA2CBB,
				1058C7A2FEA54F0111CA2CBB,
			);
			isa = PBXGroup;
			name = Frameworks;
			path = "";
			refType = 4;
		};
		29B97324FDCFA39411CA2CEA = {
			isa = PBXFrameworkReference;
			name = AppKit.framework;
			path = /System/Library/Frameworks/AppKit.framework;
			refType = 0;
		};
		29B97325FDCFA39411CA2CEA = {
			isa = PBXFrameworkReference;
			name = Foundation.framework;
			path = /System/Library/Frameworks/Foundation.framework;
			refType = 0;
		};
		29B97326FDCFA39411CA2CEA = {
			buildPhases = (
				29B97327FDCFA39411CA2CEA,
				29B97328FDCFA39411CA2CEA,
				29B9732BFDCFA39411CA2CEA,
				29B9732DFDCFA39411CA2CEA,
			);
			buildSettings = {
				FRAMEWORK_SEARCH_PATHS = "\"$(HOME)/Library/Frameworks\"";
				HEADER_SEARCH_PATHS = "\"$(HOME)/Library/Frameworks/SDL.framework/Headers\"";
				INSTALL_PATH = "$(HOME)/Applications";
				LIBRARY_SEARCH_PATHS = "";
				OPTIMIZATION_CFLAGS = "-O0";
				OTHER_CFLAGS = "-DMACOSX -DCD_VERSION -DNO_JOYSTICK -Wno-char-subscripts -fwritable-strings";
				OTHER_LDFLAGS = "-framework SDL";
				PRODUCT_NAME = ETW;
				SECTORDER_FLAGS = "";
				WARNING_CFLAGS = "-Wmost -Wno-four-char-constants -Wno-unknown-pragmas";
				WRAPPER_EXTENSION = app;
			};
			dependencies = (
			);
			isa = PBXApplicationTarget;
			name = ETW;
			productInstallPath = "$(HOME)/Applications";
			productName = "SDL App";
			productReference = 17587328FF379C6511CA2CBB;
			productSettingsXML = "<?xml version=\"1.0\" encoding=\"UTF-8\"?>
<!DOCTYPE plist PUBLIC \"-//Apple Computer//DTD PLIST 1.0//EN\" \"http://www.apple.com/DTDs/PropertyList-1.0.dtd\">
<plist version=\"1.0\">
<dict>
	<key>CFBundleDevelopmentRegion</key>
	<string>English</string>
	<key>CFBundleExecutable</key>
	<string>ETW</string>
	<key>CFBundleIconFile</key>
	<string></string>
	<key>CFBundleInfoDictionaryVersion</key>
	<string>6.0</string>
	<key>CFBundlePackageType</key>
	<string>APPL</string>
	<key>CFBundleSignature</key>
	<string>????</string>
	<key>CFBundleVersion</key>
	<string>0.1</string>
	<key>NSMainNibFile</key>
	<string>MainMenu</string>
	<key>NSPrincipalClass</key>
	<string>NSApplication</string>
</dict>
</plist>
";
		};
		29B97327FDCFA39411CA2CEA = {
			buildActionMask = 2147483647;
			files = (
				F5A47AA101A0483001D3D55B,
				F5348B3A03DAB25201000102,
				F5348B3B03DAB25201000102,
				F5348B3C03DAB25201000102,
				F5348B3D03DAB25201000102,
				F5348B3E03DAB25201000102,
				F5348B3F03DAB25201000102,
				F5348B4003DAB25201000102,
				F5348B4103DAB25201000102,
				F5348B4203DAB25201000102,
				F5348B4303DAB25201000102,
				F5348B4403DAB25201000102,
				F5348B4503DAB25201000102,
				F5348B4603DAB25201000102,
				F5348B4703DAB25201000102,
				F5348B4803DAB25201000102,
				F5348B4903DAB25201000102,
				F5348B4A03DAB25201000102,
				F5348B4B03DAB25201000102,
				F5348B4C03DAB25201000102,
				F5348B4D03DAB25201000102,
				F5348B4E03DAB25201000102,
				F5348B4F03DAB25201000102,
				F5348B5003DAB25201000102,
				F5348B5103DAB25201000102,
				F5348B5203DAB25201000102,
				F5348B5303DAB25201000102,
				F5348B5403DAB25201000102,
				F5348B5503DAB25201000102,
				F5348B5603DAB25201000102,
				F5348B5703DAB25201000102,
				F5348B5803DAB25201000102,
				F5348B5903DAB25201000102,
				F5348B5A03DAB25201000102,
				F5348B5B03DAB25201000102,
			);
			isa = PBXHeadersBuildPhase;
			runOnlyForDeploymentPostprocessing = 0;
		};
		29B97328FDCFA39411CA2CEA = {
			buildActionMask = 2147483647;
			files = (
				089C165EFE840E0CC02AAC07,
				6514CB82041B641C00000102,
			);
			isa = PBXResourcesBuildPhase;
			runOnlyForDeploymentPostprocessing = 0;
		};
		29B9732BFDCFA39411CA2CEA = {
			buildActionMask = 2147483647;
			files = (
				F5A47AA301A0483001D3D55B,
				F50D186603D9F57D01000102,
				F50D186703D9F57D01000102,
				F50D186803D9F57D01000102,
				F50D186903D9F57D01000102,
				F50D186A03D9F57D01000102,
				F50D186B03D9F57D01000102,
				F50D186C03D9F57D01000102,
				F50D186D03D9F57D01000102,
				F50D186E03D9F57D01000102,
				F50D186F03D9F57D01000102,
				F50D187003D9F57D01000102,
				F50D187103D9F57D01000102,
				F50D187203D9F57D01000102,
				F50D187303D9F57D01000102,
				F50D187403D9F57D01000102,
				F50D187503D9F57D01000102,
				F50D187603D9F57D01000102,
				F50D187703D9F57D01000102,
				F50D187803D9F57D01000102,
				F50D187903D9F57D01000102,
				F50D187A03D9F57D01000102,
				F50D187B03D9F57D01000102,
				F50D187C03D9F57D01000102,
				F50D187D03D9F57D01000102,
				F50D187E03D9F57D01000102,
				F50D187F03D9F57D01000102,
				F50D188003D9F57D01000102,
				F50D188103D9F57D01000102,
				F50D188203D9F57D01000102,
				F50D188303D9F57D01000102,
				F50D188403D9F57D01000102,
				F50D188503D9F57D01000102,
				F50D188603D9F57D01000102,
				F50D188703D9F57D01000102,
				F50D188803D9F57D01000102,
				F50D188903D9F57D01000102,
				F50D188A03D9F57D01000102,
				F50D188B03D9F57D01000102,
				F50D188C03D9F57D01000102,
				F50D188D03D9F57D01000102,
				F50D188E03D9F57D01000102,
				F50D188F03D9F57D01000102,
				F50D189003D9F57D01000102,
				F50D189103D9F57D01000102,
				F50D189203D9F57D01000102,
				F50D189303D9F57D01000102,
				F50D189403D9F57D01000102,
				F50D189503D9F57D01000102,
				F50D189603D9F57D01000102,
				F50D189703D9F57D01000102,
				F50D1C2003D9F92601000102,
			);
			isa = PBXSourcesBuildPhase;
			runOnlyForDeploymentPostprocessing = 0;
		};
		29B9732DFDCFA39411CA2CEA = {
			buildActionMask = 2147483647;
			files = (
				1058C7A3FEA54F0111CA2CBB,
			);
			isa = PBXFrameworksBuildPhase;
			runOnlyForDeploymentPostprocessing = 0;
		};
//290
//291
//292
//293
//294
//4A0
//4A1
//4A2
//4A3
//4A4
		4A9504CCFFE6A4B311CA0CBA = {
			buildRules = (
			);
			buildSettings = {
				COPY_PHASE_STRIP = NO;
				OPTIMIZATION_CFLAGS = "-O0";
			};
			isa = PBXBuildStyle;
			name = Development;
		};
		4A9504CDFFE6A4B311CA0CBA = {
			buildRules = (
			);
			buildSettings = {
				COPY_PHASE_STRIP = YES;
			};
			isa = PBXBuildStyle;
			name = Deployment;
		};
//4A0
//4A1
//4A2
//4A3
//4A4
//650
//651
//652
//653
//654
		6514CB80041B63DE00000102 = {
			children = (
				6514CB81041B641C00000102,
			);
			isa = PBXGroup;
			name = Documentazione;
			refType = 4;
		};
		6514CB81041B641C00000102 = {
			fileEncoding = 30;
			isa = PBXFileReference;
			path = Bugs.txt;
			refType = 4;
		};
		6514CB82041B641C00000102 = {
			fileRef = 6514CB81041B641C00000102;
			isa = PBXBuildFile;
			settings = {
			};
		};
//650
//651
//652
//653
//654
//F50
//F51
//F52
//F53
//F54
		F50D183403D9F57D01000102 = {
			fileEncoding = 30;
			isa = PBXFileReference;
			path = anim.c;
			refType = 4;
		};
		F50D183503D9F57D01000102 = {
			fileEncoding = 30;
			isa = PBXFileReference;
			path = arbitro.c;
			refType = 4;
		};
		F50D183603D9F57D01000102 = {
			fileEncoding = 30;
			isa = PBXFileReference;
			path = arcade.c;
			refType = 4;
		};
		F50D183703D9F57D01000102 = {
			fileEncoding = 30;
			isa = PBXFileReference;
			path = chunkyblitting.c;
			refType = 4;
		};
		F50D183803D9F57D01000102 = {
			fileEncoding = 30;
			isa = PBXFileReference;
			path = commento.c;
			refType = 4;
		};
		F50D183903D9F57D01000102 = {
			fileEncoding = 30;
			isa = PBXFileReference;
			path = computer.c;
			refType = 4;
		};
		F50D183A03D9F57D01000102 = {
			fileEncoding = 30;
			isa = PBXFileReference;
			path = config.c;
			refType = 4;
		};
		F50D183B03D9F57D01000102 = {
			fileEncoding = 30;
			isa = PBXFileReference;
			path = connection.c;
			refType = 4;
		};
		F50D183C03D9F57D01000102 = {
			fileEncoding = 30;
			isa = PBXFileReference;
			path = control.c;
			refType = 4;
		};
		F50D183D03D9F57D01000102 = {
			fileEncoding = 30;
			isa = PBXFileReference;
			path = cpu.c;
			refType = 4;
		};
		F50D183E03D9F57D01000102 = {
			fileEncoding = 30;
			isa = PBXFileReference;
			path = crowd.c;
			refType = 4;
		};
		F50D183F03D9F57D01000102 = {
			fileEncoding = 30;
			isa = PBXFileReference;
			path = data.c;
			refType = 4;
		};
		F50D184003D9F57D01000102 = {
			fileEncoding = 30;
			isa = PBXFileReference;
			path = dati_vel.c;
			refType = 4;
		};
		F50D184103D9F57D01000102 = {
			fileEncoding = 30;
			isa = PBXFileReference;
			path = display.c;
			refType = 4;
		};
		F50D184203D9F57D01000102 = {
			fileEncoding = 30;
			isa = PBXFileReference;
			path = etw_locale.c;
			refType = 4;
		};
		F50D184303D9F57D01000102 = {
			fileEncoding = 30;
			isa = PBXFileReference;
			path = etw.c;
			refType = 4;
		};
		F50D184403D9F57D01000102 = {
			fileEncoding = 30;
			isa = PBXFileReference;
			path = font.c;
			refType = 4;
		};
		F50D184503D9F57D01000102 = {
			fileEncoding = 30;
			isa = PBXFileReference;
			path = freq.c;
			refType = 4;
		};
		F50D184603D9F57D01000102 = {
			fileEncoding = 30;
			isa = PBXFileReference;
			path = generic_video.c;
			refType = 4;
		};
		F50D184703D9F57D01000102 = {
			fileEncoding = 30;
			isa = PBXFileReference;
			path = gfx.c;
			refType = 4;
		};
		F50D184803D9F57D01000102 = {
			fileEncoding = 30;
			isa = PBXFileReference;
			path = highdirent.c;
			refType = 4;
		};
		F50D184903D9F57D01000102 = {
			fileEncoding = 30;
			isa = PBXFileReference;
			path = highsocket.c;
			refType = 4;
		};
		F50D184A03D9F57D01000102 = {
			fileEncoding = 30;
			isa = PBXFileReference;
			path = human.c;
			refType = 4;
		};
		F50D184B03D9F57D01000102 = {
			fileEncoding = 30;
			isa = PBXFileReference;
			path = intro.c;
			refType = 4;
		};
		F50D184C03D9F57D01000102 = {
			fileEncoding = 30;
			isa = PBXFileReference;
			path = league.c;
			refType = 4;
		};
		F50D184D03D9F57D01000102 = {
			fileEncoding = 30;
			isa = PBXFileReference;
			path = lists.c;
			refType = 4;
		};
		F50D184E03D9F57D01000102 = {
			fileEncoding = 30;
			isa = PBXFileReference;
			path = loops.c;
			refType = 4;
		};
		F50D184F03D9F57D01000102 = {
			fileEncoding = 30;
			isa = PBXFileReference;
			path = menu_config.c;
			refType = 4;
		};
		F50D185003D9F57D01000102 = {
			fileEncoding = 30;
			isa = PBXFileReference;
			path = menu_data.c;
			refType = 4;
		};
		F50D185103D9F57D01000102 = {
			fileEncoding = 30;
			isa = PBXFileReference;
			path = menu_font.c;
			refType = 4;
		};
		F50D185203D9F57D01000102 = {
			fileEncoding = 30;
			isa = PBXFileReference;
			path = menu.c;
			refType = 4;
		};
		F50D185303D9F57D01000102 = {
			fileEncoding = 30;
			isa = PBXFileReference;
			path = myiff.c;
			refType = 4;
		};
		F50D185403D9F57D01000102 = {
			fileEncoding = 30;
			isa = PBXFileReference;
			path = network.c;
			refType = 4;
		};
		F50D185503D9F57D01000102 = {
			fileEncoding = 30;
			isa = PBXFileReference;
			path = os_control.c;
			refType = 4;
		};
		F50D185603D9F57D01000102 = {
			fileEncoding = 30;
			isa = PBXFileReference;
			path = os_init.c;
			refType = 4;
		};
		F50D185703D9F57D01000102 = {
			fileEncoding = 30;
			isa = PBXFileReference;
			path = os_video.c;
			refType = 4;
		};
		F50D185803D9F57D01000102 = {
			fileEncoding = 30;
			isa = PBXFileReference;
			path = palla.c;
			refType = 4;
		};
		F50D185903D9F57D01000102 = {
			fileEncoding = 30;
			isa = PBXFileReference;
			path = portiere.c;
			refType = 4;
		};
		F50D185A03D9F57D01000102 = {
			fileEncoding = 30;
			isa = PBXFileReference;
			path = radar.c;
			refType = 4;
		};
		F50D185B03D9F57D01000102 = {
			fileEncoding = 30;
			isa = PBXFileReference;
			path = replay.c;
			refType = 4;
		};
		F50D185C03D9F57D01000102 = {
			fileEncoding = 30;
			isa = PBXFileReference;
			path = sound.c;
			refType = 4;
		};
		F50D185D03D9F57D01000102 = {
			fileEncoding = 30;
			isa = PBXFileReference;
			path = special.c;
			refType = 4;
		};
		F50D185E03D9F57D01000102 = {
			fileEncoding = 30;
			isa = PBXFileReference;
			path = specials.c;
			refType = 4;
		};
		F50D185F03D9F57D01000102 = {
			fileEncoding = 30;
			isa = PBXFileReference;
			path = squadre.c;
			refType = 4;
		};
		F50D186003D9F57D01000102 = {
			fileEncoding = 30;
			isa = PBXFileReference;
			path = tables.c;
			refType = 4;
		};
		F50D186103D9F57D01000102 = {
			fileEncoding = 30;
			isa = PBXFileReference;
			path = tactics.c;
			refType = 4;
		};
		F50D186203D9F57D01000102 = {
			fileEncoding = 30;
			isa = PBXFileReference;
			path = teams.c;
			refType = 4;
		};
		F50D186303D9F57D01000102 = {
			fileEncoding = 30;
			isa = PBXFileReference;
			path = utility.c;
			refType = 4;
		};
		F50D186403D9F57D01000102 = {
			fileEncoding = 30;
			isa = PBXFileReference;
			path = velocita_g.c;
			refType = 4;
		};
		F50D186503D9F57D01000102 = {
			fileEncoding = 30;
			isa = PBXFileReference;
			path = wc.c;
			refType = 4;
		};
		F50D186603D9F57D01000102 = {
			fileRef = F50D183403D9F57D01000102;
			isa = PBXBuildFile;
			settings = {
			};
		};
		F50D186703D9F57D01000102 = {
			fileRef = F50D183503D9F57D01000102;
			isa = PBXBuildFile;
			settings = {
			};
		};
		F50D186803D9F57D01000102 = {
			fileRef = F50D183603D9F57D01000102;
			isa = PBXBuildFile;
			settings = {
			};
		};
		F50D186903D9F57D01000102 = {
			fileRef = F50D183703D9F57D01000102;
			isa = PBXBuildFile;
			settings = {
			};
		};
		F50D186A03D9F57D01000102 = {
			fileRef = F50D183803D9F57D01000102;
			isa = PBXBuildFile;
			settings = {
			};
		};
		F50D186B03D9F57D01000102 = {
			fileRef = F50D183903D9F57D01000102;
			isa = PBXBuildFile;
			settings = {
			};
		};
		F50D186C03D9F57D01000102 = {
			fileRef = F50D183A03D9F57D01000102;
			isa = PBXBuildFile;
			settings = {
			};
		};
		F50D186D03D9F57D01000102 = {
			fileRef = F50D183B03D9F57D01000102;
			isa = PBXBuildFile;
			settings = {
			};
		};
		F50D186E03D9F57D01000102 = {
			fileRef = F50D183C03D9F57D01000102;
			isa = PBXBuildFile;
			settings = {
			};
		};
		F50D186F03D9F57D01000102 = {
			fileRef = F50D183D03D9F57D01000102;
			isa = PBXBuildFile;
			settings = {
			};
		};
		F50D187003D9F57D01000102 = {
			fileRef = F50D183E03D9F57D01000102;
			isa = PBXBuildFile;
			settings = {
			};
		};
		F50D187103D9F57D01000102 = {
			fileRef = F50D183F03D9F57D01000102;
			isa = PBXBuildFile;
			settings = {
			};
		};
		F50D187203D9F57D01000102 = {
			fileRef = F50D184003D9F57D01000102;
			isa = PBXBuildFile;
			settings = {
			};
		};
		F50D187303D9F57D01000102 = {
			fileRef = F50D184103D9F57D01000102;
			isa = PBXBuildFile;
			settings = {
			};
		};
		F50D187403D9F57D01000102 = {
			fileRef = F50D184203D9F57D01000102;
			isa = PBXBuildFile;
			settings = {
			};
		};
		F50D187503D9F57D01000102 = {
			fileRef = F50D184303D9F57D01000102;
			isa = PBXBuildFile;
			settings = {
			};
		};
		F50D187603D9F57D01000102 = {
			fileRef = F50D184403D9F57D01000102;
			isa = PBXBuildFile;
			settings = {
			};
		};
		F50D187703D9F57D01000102 = {
			fileRef = F50D184503D9F57D01000102;
			isa = PBXBuildFile;
			settings = {
			};
		};
		F50D187803D9F57D01000102 = {
			fileRef = F50D184603D9F57D01000102;
			isa = PBXBuildFile;
			settings = {
			};
		};
		F50D187903D9F57D01000102 = {
			fileRef = F50D184703D9F57D01000102;
			isa = PBXBuildFile;
			settings = {
			};
		};
		F50D187A03D9F57D01000102 = {
			fileRef = F50D184803D9F57D01000102;
			isa = PBXBuildFile;
			settings = {
			};
		};
		F50D187B03D9F57D01000102 = {
			fileRef = F50D184903D9F57D01000102;
			isa = PBXBuildFile;
			settings = {
			};
		};
		F50D187C03D9F57D01000102 = {
			fileRef = F50D184A03D9F57D01000102;
			isa = PBXBuildFile;
			settings = {
			};
		};
		F50D187D03D9F57D01000102 = {
			fileRef = F50D184B03D9F57D01000102;
			isa = PBXBuildFile;
			settings = {
			};
		};
		F50D187E03D9F57D01000102 = {
			fileRef = F50D184C03D9F57D01000102;
			isa = PBXBuildFile;
			settings = {
			};
		};
		F50D187F03D9F57D01000102 = {
			fileRef = F50D184D03D9F57D01000102;
			isa = PBXBuildFile;
			settings = {
			};
		};
		F50D188003D9F57D01000102 = {
			fileRef = F50D184E03D9F57D01000102;
			isa = PBXBuildFile;
			settings = {
			};
		};
		F50D188103D9F57D01000102 = {
			fileRef = F50D184F03D9F57D01000102;
			isa = PBXBuildFile;
			settings = {
			};
		};
		F50D188203D9F57D01000102 = {
			fileRef = F50D185003D9F57D01000102;
			isa = PBXBuildFile;
			settings = {
			};
		};
		F50D188303D9F57D01000102 = {
			fileRef = F50D185103D9F57D01000102;
			isa = PBXBuildFile;
			settings = {
			};
		};
		F50D188403D9F57D01000102 = {
			fileRef = F50D185203D9F57D01000102;
			isa = PBXBuildFile;
			settings = {
			};
		};
		F50D188503D9F57D01000102 = {
			fileRef = F50D185303D9F57D01000102;
			isa = PBXBuildFile;
			settings = {
			};
		};
		F50D188603D9F57D01000102 = {
			fileRef = F50D185403D9F57D01000102;
			isa = PBXBuildFile;
			settings = {
			};
		};
		F50D188703D9F57D01000102 = {
			fileRef = F50D185503D9F57D01000102;
			isa = PBXBuildFile;
			settings = {
			};
		};
		F50D188803D9F57D01000102 = {
			fileRef = F50D185603D9F57D01000102;
			isa = PBXBuildFile;
			settings = {
			};
		};
		F50D188903D9F57D01000102 = {
			fileRef = F50D185703D9F57D01000102;
			isa = PBXBuildFile;
			settings = {
			};
		};
		F50D188A03D9F57D01000102 = {
			fileRef = F50D185803D9F57D01000102;
			isa = PBXBuildFile;
			settings = {
			};
		};
		F50D188B03D9F57D01000102 = {
			fileRef = F50D185903D9F57D01000102;
			isa = PBXBuildFile;
			settings = {
			};
		};
		F50D188C03D9F57D01000102 = {
			fileRef = F50D185A03D9F57D01000102;
			isa = PBXBuildFile;
			settings = {
			};
		};
		F50D188D03D9F57D01000102 = {
			fileRef = F50D185B03D9F57D01000102;
			isa = PBXBuildFile;
			settings = {
			};
		};
		F50D188E03D9F57D01000102 = {
			fileRef = F50D185C03D9F57D01000102;
			isa = PBXBuildFile;
			settings = {
			};
		};
		F50D188F03D9F57D01000102 = {
			fileRef = F50D185D03D9F57D01000102;
			isa = PBXBuildFile;
			settings = {
			};
		};
		F50D189003D9F57D01000102 = {
			fileRef = F50D185E03D9F57D01000102;
			isa = PBXBuildFile;
			settings = {
			};
		};
		F50D189103D9F57D01000102 = {
			fileRef = F50D185F03D9F57D01000102;
			isa = PBXBuildFile;
			settings = {
			};
		};
		F50D189203D9F57D01000102 = {
			fileRef = F50D186003D9F57D01000102;
			isa = PBXBuildFile;
			settings = {
			};
		};
		F50D189303D9F57D01000102 = {
			fileRef = F50D186103D9F57D01000102;
			isa = PBXBuildFile;
			settings = {
			};
		};
		F50D189403D9F57D01000102 = {
			fileRef = F50D186203D9F57D01000102;
			isa = PBXBuildFile;
			settings = {
			};
		};
		F50D189503D9F57D01000102 = {
			fileRef = F50D186303D9F57D01000102;
			isa = PBXBuildFile;
			settings = {
			};
		};
		F50D189603D9F57D01000102 = {
			fileRef = F50D186403D9F57D01000102;
			isa = PBXBuildFile;
			settings = {
			};
		};
		F50D189703D9F57D01000102 = {
			fileRef = F50D186503D9F57D01000102;
			isa = PBXBuildFile;
			settings = {
			};
		};
		F50D1C1F03D9F92601000102 = {
			fileEncoding = 30;
			isa = PBXFileReference;
			path = main.c;
			refType = 4;
		};
		F50D1C2003D9F92601000102 = {
			fileRef = F50D1C1F03D9F92601000102;
			isa = PBXBuildFile;
			settings = {
			};
		};
		F5348B1803DAB25201000102 = {
			fileEncoding = 30;
			isa = PBXFileReference;
			path = 8svx.h;
			refType = 4;
		};
		F5348B1903DAB25201000102 = {
			fileEncoding = 30;
			isa = PBXFileReference;
			path = anim.h;
			refType = 4;
		};
		F5348B1A03DAB25201000102 = {
			fileEncoding = 30;
			isa = PBXFileReference;
			path = animation.h;
			refType = 4;
		};
		F5348B1B03DAB25201000102 = {
			fileEncoding = 30;
			isa = PBXFileReference;
			path = chunky.h;
			refType = 4;
		};
		F5348B1C03DAB25201000102 = {
			fileEncoding = 30;
			isa = PBXFileReference;
			path = commento.h;
			refType = 4;
		};
		F5348B1D03DAB25201000102 = {
			fileEncoding = 30;
			isa = PBXFileReference;
			path = defines.h;
			refType = 4;
		};
		F5348B1E03DAB25201000102 = {
			fileEncoding = 30;
			isa = PBXFileReference;
			path = demo.h;
			refType = 4;
		};
		F5348B1F03DAB25201000102 = {
			fileEncoding = 30;
			isa = PBXFileReference;
			path = eat.h;
			refType = 4;
		};
		F5348B2003DAB25201000102 = {
			fileEncoding = 30;
			isa = PBXFileReference;
			path = etw_locale.h;
			refType = 4;
		};
		F5348B2103DAB25201000102 = {
			fileEncoding = 30;
			isa = PBXFileReference;
			path = externs.h;
			refType = 4;
		};
		F5348B2203DAB25201000102 = {
			fileEncoding = 30;
			isa = PBXFileReference;
			path = freq.h;
			refType = 4;
		};
		F5348B2303DAB25201000102 = {
			fileEncoding = 30;
			isa = PBXFileReference;
			path = gfx.h;
			refType = 4;
		};
		F5348B2403DAB25201000102 = {
			fileEncoding = 30;
			isa = PBXFileReference;
			path = highdirent.h;
			refType = 4;
		};
		F5348B2503DAB25201000102 = {
			fileEncoding = 30;
			isa = PBXFileReference;
			path = highsocket.h;
			refType = 4;
		};
		F5348B2603DAB25201000102 = {
			fileEncoding = 30;
			isa = PBXFileReference;
			path = lists.h;
			refType = 4;
		};
		F5348B2703DAB25201000102 = {
			fileEncoding = 30;
			isa = PBXFileReference;
			path = macros.h;
			refType = 4;
		};
		F5348B2803DAB25201000102 = {
			fileEncoding = 30;
			isa = PBXFileReference;
			path = menu_externs.h;
			refType = 4;
		};
		F5348B2903DAB25201000102 = {
			fileEncoding = 30;
			isa = PBXFileReference;
			path = menu.h;
			refType = 4;
		};
		F5348B2A03DAB25201000102 = {
			fileEncoding = 30;
			isa = PBXFileReference;
			path = menusound.h;
			refType = 4;
		};
		F5348B2B03DAB25201000102 = {
			fileEncoding = 30;
			isa = PBXFileReference;
			path = my_protos.h;
			refType = 4;
		};
		F5348B2C03DAB25201000102 = {
			fileEncoding = 30;
			isa = PBXFileReference;
			path = mydebug.h;
			refType = 4;
		};
		F5348B2D03DAB25201000102 = {
			fileEncoding = 30;
			isa = PBXFileReference;
			path = myiff.h;
			refType = 4;
		};
		F5348B2E03DAB25201000102 = {
			fileEncoding = 30;
			isa = PBXFileReference;
			path = mymacros.h;
			refType = 4;
		};
		F5348B2F03DAB25201000102 = {
			fileEncoding = 30;
			isa = PBXFileReference;
			path = mytypes.h;
			refType = 4;
		};
		F5348B3003DAB25201000102 = {
			fileEncoding = 30;
			isa = PBXFileReference;
			path = network.h;
			refType = 4;
		};
		F5348B3103DAB25201000102 = {
			fileEncoding = 30;
			isa = PBXFileReference;
			path = os_defs.h;
			refType = 4;
		};
		F5348B3203DAB25201000102 = {
			fileEncoding = 30;
			isa = PBXFileReference;
			path = preinclude.h;
			refType = 4;
		};
		F5348B3303DAB25201000102 = {
			fileEncoding = 30;
			isa = PBXFileReference;
			path = resource.h;
			refType = 4;
		};
		F5348B3403DAB25201000102 = {
			fileEncoding = 30;
			isa = PBXFileReference;
			path = sound.h;
			refType = 4;
		};
		F5348B3503DAB25201000102 = {
			fileEncoding = 30;
			isa = PBXFileReference;
			path = squadre.h;
			refType = 4;
		};
		F5348B3603DAB25201000102 = {
			fileEncoding = 30;
			isa = PBXFileReference;
			path = structs.h;
			refType = 4;
		};
		F5348B3703DAB25201000102 = {
			fileEncoding = 30;
			isa = PBXFileReference;
			path = suoni.h;
			refType = 4;
		};
		F5348B3803DAB25201000102 = {
			fileEncoding = 30;
			isa = PBXFileReference;
			path = tactics.h;
			refType = 4;
		};
		F5348B3903DAB25201000102 = {
			fileEncoding = 30;
			isa = PBXFileReference;
			path = version.h;
			refType = 4;
		};
		F5348B3A03DAB25201000102 = {
			fileRef = F5348B1803DAB25201000102;
			isa = PBXBuildFile;
			settings = {
			};
		};
		F5348B3B03DAB25201000102 = {
			fileRef = F5348B1903DAB25201000102;
			isa = PBXBuildFile;
			settings = {
			};
		};
		F5348B3C03DAB25201000102 = {
			fileRef = F5348B1A03DAB25201000102;
			isa = PBXBuildFile;
			settings = {
			};
		};
		F5348B3D03DAB25201000102 = {
			fileRef = F5348B1B03DAB25201000102;
			isa = PBXBuildFile;
			settings = {
			};
		};
		F5348B3E03DAB25201000102 = {
			fileRef = F5348B1C03DAB25201000102;
			isa = PBXBuildFile;
			settings = {
			};
		};
		F5348B3F03DAB25201000102 = {
			fileRef = F5348B1D03DAB25201000102;
			isa = PBXBuildFile;
			settings = {
			};
		};
		F5348B4003DAB25201000102 = {
			fileRef = F5348B1E03DAB25201000102;
			isa = PBXBuildFile;
			settings = {
			};
		};
		F5348B4103DAB25201000102 = {
			fileRef = F5348B1F03DAB25201000102;
			isa = PBXBuildFile;
			settings = {
			};
		};
		F5348B4203DAB25201000102 = {
			fileRef = F5348B2003DAB25201000102;
			isa = PBXBuildFile;
			settings = {
			};
		};
		F5348B4303DAB25201000102 = {
			fileRef = F5348B2103DAB25201000102;
			isa = PBXBuildFile;
			settings = {
			};
		};
		F5348B4403DAB25201000102 = {
			fileRef = F5348B2203DAB25201000102;
			isa = PBXBuildFile;
			settings = {
			};
		};
		F5348B4503DAB25201000102 = {
			fileRef = F5348B2303DAB25201000102;
			isa = PBXBuildFile;
			settings = {
			};
		};
		F5348B4603DAB25201000102 = {
			fileRef = F5348B2403DAB25201000102;
			isa = PBXBuildFile;
			settings = {
			};
		};
		F5348B4703DAB25201000102 = {
			fileRef = F5348B2503DAB25201000102;
			isa = PBXBuildFile;
			settings = {
			};
		};
		F5348B4803DAB25201000102 = {
			fileRef = F5348B2603DAB25201000102;
			isa = PBXBuildFile;
			settings = {
			};
		};
		F5348B4903DAB25201000102 = {
			fileRef = F5348B2703DAB25201000102;
			isa = PBXBuildFile;
			settings = {
			};
		};
		F5348B4A03DAB25201000102 = {
			fileRef = F5348B2803DAB25201000102;
			isa = PBXBuildFile;
			settings = {
			};
		};
		F5348B4B03DAB25201000102 = {
			fileRef = F5348B2903DAB25201000102;
			isa = PBXBuildFile;
			settings = {
			};
		};
		F5348B4C03DAB25201000102 = {
			fileRef = F5348B2A03DAB25201000102;
			isa = PBXBuildFile;
			settings = {
			};
		};
		F5348B4D03DAB25201000102 = {
			fileRef = F5348B2B03DAB25201000102;
			isa = PBXBuildFile;
			settings = {
			};
		};
		F5348B4E03DAB25201000102 = {
			fileRef = F5348B2C03DAB25201000102;
			isa = PBXBuildFile;
			settings = {
			};
		};
		F5348B4F03DAB25201000102 = {
			fileRef = F5348B2D03DAB25201000102;
			isa = PBXBuildFile;
			settings = {
			};
		};
		F5348B5003DAB25201000102 = {
			fileRef = F5348B2E03DAB25201000102;
			isa = PBXBuildFile;
			settings = {
			};
		};
		F5348B5103DAB25201000102 = {
			fileRef = F5348B2F03DAB25201000102;
			isa = PBXBuildFile;
			settings = {
			};
		};
		F5348B5203DAB25201000102 = {
			fileRef = F5348B3003DAB25201000102;
			isa = PBXBuildFile;
			settings = {
			};
		};
		F5348B5303DAB25201000102 = {
			fileRef = F5348B3103DAB25201000102;
			isa = PBXBuildFile;
			settings = {
			};
		};
		F5348B5403DAB25201000102 = {
			fileRef = F5348B3203DAB25201000102;
			isa = PBXBuildFile;
			settings = {
			};
		};
		F5348B5503DAB25201000102 = {
			fileRef = F5348B3303DAB25201000102;
			isa = PBXBuildFile;
			settings = {
			};
		};
		F5348B5603DAB25201000102 = {
			fileRef = F5348B3403DAB25201000102;
			isa = PBXBuildFile;
			settings = {
			};
		};
		F5348B5703DAB25201000102 = {
			fileRef = F5348B3503DAB25201000102;
			isa = PBXBuildFile;
			settings = {
			};
		};
		F5348B5803DAB25201000102 = {
			fileRef = F5348B3603DAB25201000102;
			isa = PBXBuildFile;
			settings = {
			};
		};
		F5348B5903DAB25201000102 = {
			fileRef = F5348B3703DAB25201000102;
			isa = PBXBuildFile;
			settings = {
			};
		};
		F5348B5A03DAB25201000102 = {
			fileRef = F5348B3803DAB25201000102;
			isa = PBXBuildFile;
			settings = {
			};
		};
		F5348B5B03DAB25201000102 = {
			fileRef = F5348B3903DAB25201000102;
			isa = PBXBuildFile;
			settings = {
			};
		};
		F5A47A9D01A0482F01D3D55B = {
			fileEncoding = 30;
			isa = PBXFileReference;
			path = SDLMain.h;
			refType = 2;
		};
		F5A47A9E01A0483001D3D55B = {
			fileEncoding = 30;
			isa = PBXFileReference;
			path = SDLMain.m;
			refType = 2;
		};
		F5A47AA101A0483001D3D55B = {
			fileRef = F5A47A9D01A0482F01D3D55B;
			isa = PBXBuildFile;
			settings = {
			};
		};
		F5A47AA301A0483001D3D55B = {
			fileRef = F5A47A9E01A0483001D3D55B;
			isa = PBXBuildFile;
			settings = {
			};
		};
		F5F988200408E3B401000102 = {
			children = (
				F5348B1803DAB25201000102,
				F5348B1903DAB25201000102,
				F5348B1A03DAB25201000102,
				F5348B1B03DAB25201000102,
				F5348B1C03DAB25201000102,
				F5348B1D03DAB25201000102,
				F5348B1E03DAB25201000102,
				F5348B1F03DAB25201000102,
				F5348B2003DAB25201000102,
				F5348B2103DAB25201000102,
				F5348B2203DAB25201000102,
				F5348B2303DAB25201000102,
				F5348B2403DAB25201000102,
				F5348B2503DAB25201000102,
				F5348B2603DAB25201000102,
				F5348B2703DAB25201000102,
				F5348B2803DAB25201000102,
				F5348B2903DAB25201000102,
				F5348B2A03DAB25201000102,
				F5348B2B03DAB25201000102,
				F5348B2C03DAB25201000102,
				F5348B2D03DAB25201000102,
				F5348B2E03DAB25201000102,
				F5348B2F03DAB25201000102,
				F5348B3003DAB25201000102,
				F5348B3103DAB25201000102,
				F5348B3203DAB25201000102,
				F5348B3303DAB25201000102,
				F5348B3403DAB25201000102,
				F5348B3503DAB25201000102,
				F5348B3603DAB25201000102,
				F5348B3703DAB25201000102,
				F5348B3803DAB25201000102,
				F5348B3903DAB25201000102,
			);
			isa = PBXGroup;
			name = "Include ETW";
			refType = 4;
		};
	};
	rootObject = 29B97313FDCFA39411CA2CEA;
}
